// !$*UTF8*$!
{
	archiveVersion = 1;
	classes = {
	};
	objectVersion = 46;
	objects = {

/* Begin PBXBuildFile section */
		8182EF3214FB1EE600D709C3 /* UIKit.framework in Frameworks */ = {isa = PBXBuildFile; fileRef = 8182EF3114FB1EE600D709C3 /* UIKit.framework */; };
		8182EF3414FB1EE600D709C3 /* Foundation.framework in Frameworks */ = {isa = PBXBuildFile; fileRef = 8182EF3314FB1EE600D709C3 /* Foundation.framework */; };
		8182EF3614FB1EE600D709C3 /* CoreGraphics.framework in Frameworks */ = {isa = PBXBuildFile; fileRef = 8182EF3514FB1EE600D709C3 /* CoreGraphics.framework */; };
		8182EF3C14FB1EE600D709C3 /* InfoPlist.strings in Resources */ = {isa = PBXBuildFile; fileRef = 8182EF3A14FB1EE600D709C3 /* InfoPlist.strings */; };
		8182EF3E14FB1EE600D709C3 /* main.m in Sources */ = {isa = PBXBuildFile; fileRef = 8182EF3D14FB1EE600D709C3 /* main.m */; };
		8182EF4214FB1EE600D709C3 /* CamshiftAppDelegate.m in Sources */ = {isa = PBXBuildFile; fileRef = 8182EF4114FB1EE600D709C3 /* CamshiftAppDelegate.m */; };
		8182EF4514FB1EE600D709C3 /* MainStoryboard.storyboard in Resources */ = {isa = PBXBuildFile; fileRef = 8182EF4314FB1EE600D709C3 /* MainStoryboard.storyboard */; };
		8182EF4814FB1EE600D709C3 /* CamshiftViewController.m in Sources */ = {isa = PBXBuildFile; fileRef = 8182EF4714FB1EE600D709C3 /* CamshiftViewController.m */; };
/* End PBXBuildFile section */

/* Begin PBXFileReference section */
		8182EF2D14FB1EE600D709C3 /* CamShift.app */ = {isa = PBXFileReference; explicitFileType = wrapper.application; includeInIndex = 0; path = CamShift.app; sourceTree = BUILT_PRODUCTS_DIR; };
		8182EF3114FB1EE600D709C3 /* UIKit.framework */ = {isa = PBXFileReference; lastKnownFileType = wrapper.framework; name = UIKit.framework; path = System/Library/Frameworks/UIKit.framework; sourceTree = SDKROOT; };
		8182EF3314FB1EE600D709C3 /* Foundation.framework */ = {isa = PBXFileReference; lastKnownFileType = wrapper.framework; name = Foundation.framework; path = System/Library/Frameworks/Foundation.framework; sourceTree = SDKROOT; };
		8182EF3514FB1EE600D709C3 /* CoreGraphics.framework */ = {isa = PBXFileReference; lastKnownFileType = wrapper.framework; name = CoreGraphics.framework; path = System/Library/Frameworks/CoreGraphics.framework; sourceTree = SDKROOT; };
		8182EF3914FB1EE600D709C3 /* CamShift-Info.plist */ = {isa = PBXFileReference; path = "CamShift-Info.plist"; sourceTree = "<group>"; };
		8182EF3B14FB1EE600D709C3 /* en */ = {isa = PBXFileReference; lastKnownFileType = text.plist.strings; name = en; path = en.lproj/InfoPlist.strings; sourceTree = "<group>"; };
		8182EF3D14FB1EE600D709C3 /* main.m */ = {isa = PBXFileReference; lastKnownFileType = sourcecode.c.objc; path = main.m; sourceTree = "<group>"; };
		8182EF3F14FB1EE600D709C3 /* CamShift-Prefix.pch */ = {isa = PBXFileReference; path = "CamShift-Prefix.pch"; sourceTree = "<group>"; };
		8182EF4014FB1EE600D709C3 /* CamshiftAppDelegate.h */ = {isa = PBXFileReference; path = CamshiftAppDelegate.h; sourceTree = "<group>"; };
		8182EF4114FB1EE600D709C3 /* CamshiftAppDelegate.m */ = {isa = PBXFileReference; lastKnownFileType = sourcecode.c.objc; path = CamshiftAppDelegate.m; sourceTree = "<group>"; };
		8182EF4414FB1EE600D709C3 /* en */ = {isa = PBXFileReference; lastKnownFileType = file.storyboard; name = en; path = en.lproj/MainStoryboard.storyboard; sourceTree = "<group>"; };
		8182EF4614FB1EE600D709C3 /* CamshiftViewController.h */ = {isa = PBXFileReference; path = CamshiftViewController.h; sourceTree = "<group>"; };
		8182EF4714FB1EE600D709C3 /* CamshiftViewController.m */ = {isa = PBXFileReference; lastKnownFileType = sourcecode.c.objc; path = CamshiftViewController.m; sourceTree = "<group>"; };
/* End PBXFileReference section */

/* Begin PBXFrameworksBuildPhase section */
		8182EF2A14FB1EE600D709C3 /* Frameworks */ = {
			isa = PBXFrameworksBuildPhase;
			buildActionMask = 2147483647;
			files = (
				8182EF3214FB1EE600D709C3 /* UIKit.framework in Frameworks */,
				8182EF3414FB1EE600D709C3 /* Foundation.framework in Frameworks */,
				8182EF3614FB1EE600D709C3 /* CoreGraphics.framework in Frameworks */,
			);
			runOnlyForDeploymentPostprocessing = 0;
		};
/* End PBXFrameworksBuildPhase section */

/* Begin PBXGroup section */
		8182EF2214FB1EE600D709C3 = {
			isa = PBXGroup;
			children = (
				8182EF3714FB1EE600D709C3 /* CamShift */,
				8182EF3014FB1EE600D709C3 /* Frameworks */,
				8182EF2E14FB1EE600D709C3 /* Products */,
			);
			sourceTree = "<group>";
		};
		8182EF2E14FB1EE600D709C3 /* Products */ = {
			isa = PBXGroup;
			children = (
				8182EF2D14FB1EE600D709C3 /* CamShift.app */,
			);
			name = Products;
			sourceTree = "<group>";
		};
		8182EF3014FB1EE600D709C3 /* Frameworks */ = {
			isa = PBXGroup;
			children = (
				8182EF3114FB1EE600D709C3 /* UIKit.framework */,
				8182EF3314FB1EE600D709C3 /* Foundation.framework */,
				8182EF3514FB1EE600D709C3 /* CoreGraphics.framework */,
			);
			name = Frameworks;
			sourceTree = "<group>";
		};
		8182EF3714FB1EE600D709C3 /* CamShift */ = {
			isa = PBXGroup;
			children = (
				8182EF4014FB1EE600D709C3 /* CamshiftAppDelegate.h */,
				8182EF4114FB1EE600D709C3 /* CamshiftAppDelegate.m */,
				8182EF4314FB1EE600D709C3 /* MainStoryboard.storyboard */,
				8182EF4614FB1EE600D709C3 /* CamshiftViewController.h */,
				8182EF4714FB1EE600D709C3 /* CamshiftViewController.m */,
				8182EF3814FB1EE600D709C3 /* Supporting Files */,
			);
			path = CamShift;
			sourceTree = "<group>";
		};
		8182EF3814FB1EE600D709C3 /* Supporting Files */ = {
			isa = PBXGroup;
			children = (
				8182EF3914FB1EE600D709C3 /* CamShift-Info.plist */,
				8182EF3A14FB1EE600D709C3 /* InfoPlist.strings */,
				8182EF3D14FB1EE600D709C3 /* main.m */,
				8182EF3F14FB1EE600D709C3 /* CamShift-Prefix.pch */,
			);
			name = "Supporting Files";
			sourceTree = "<group>";
		};
/* End PBXGroup section */

/* Begin PBXNativeTarget section */
		8182EF2C14FB1EE600D709C3 /* CamShift */ = {
			isa = PBXNativeTarget;
			buildConfigurationList = 8182EF4B14FB1EE600D709C3 /* Build configuration list for PBXNativeTarget "CamShift" */;
			buildPhases = (
				8182EF2914FB1EE600D709C3 /* Sources */,
				8182EF2A14FB1EE600D709C3 /* Frameworks */,
				8182EF2B14FB1EE600D709C3 /* Resources */,
			);
			buildRules = (
			);
			dependencies = (
			);
			name = CamShift;
			productName = CamShift;
			productReference = 8182EF2D14FB1EE600D709C3 /* CamShift.app */;
			productType = "com.apple.product-type.application";
		};
/* End PBXNativeTarget section */

/* Begin PBXProject section */
		8182EF2414FB1EE600D709C3 /* Project object */ = {
			isa = PBXProject;
			attributes = {
				LastUpgradeCheck = 0420;
			};
			buildConfigurationList = 8182EF2714FB1EE600D709C3 /* Build configuration list for PBXProject "CamShift" */;
			compatibilityVersion = "Xcode 3.2";
			developmentRegion = English;
			hasScannedForEncodings = 0;
			knownRegions = (
				en,
			);
			mainGroup = 8182EF2214FB1EE600D709C3;
			productRefGroup = 8182EF2E14FB1EE600D709C3 /* Products */;
			projectDirPath = "";
			projectRoot = "";
			targets = (
				8182EF2C14FB1EE600D709C3 /* CamShift */,
			);
		};
/* End PBXProject section */

/* Begin PBXResourcesBuildPhase section */
		8182EF2B14FB1EE600D709C3 /* Resources */ = {
			isa = PBXResourcesBuildPhase;
			buildActionMask = 2147483647;
			files = (
				8182EF3C14FB1EE600D709C3 /* InfoPlist.strings in Resources */,
				8182EF4514FB1EE600D709C3 /* MainStoryboard.storyboard in Resources */,
			);
			runOnlyForDeploymentPostprocessing = 0;
		};
/* End PBXResourcesBuildPhase section */

/* Begin PBXSourcesBuildPhase section */
		8182EF2914FB1EE600D709C3 /* Sources */ = {
			isa = PBXSourcesBuildPhase;
			buildActionMask = 2147483647;
			files = (
				8182EF3E14FB1EE600D709C3 /* main.m in Sources */,
				8182EF4214FB1EE600D709C3 /* CamshiftAppDelegate.m in Sources */,
				8182EF4814FB1EE600D709C3 /* CamshiftViewController.m in Sources */,
			);
			runOnlyForDeploymentPostprocessing = 0;
		};
/* End PBXSourcesBuildPhase section */

/* Begin PBXVariantGroup section */
		8182EF3A14FB1EE600D709C3 /* InfoPlist.strings */ = {
			isa = PBXVariantGroup;
			children = (
				8182EF3B14FB1EE600D709C3 /* en */,
			);
			name = InfoPlist.strings;
			sourceTree = "<group>";
		};
		8182EF4314FB1EE600D709C3 /* MainStoryboard.storyboard */ = {
			isa = PBXVariantGroup;
			children = (
				8182EF4414FB1EE600D709C3 /* en */,
			);
			name = MainStoryboard.storyboard;
			sourceTree = "<group>";
		};
/* End PBXVariantGroup section */

/* Begin XCBuildConfiguration section */
		8182EF4914FB1EE600D709C3 /* Debug */ = {
			isa = XCBuildConfiguration;
			buildSettings = {
				ALWAYS_SEARCH_USER_PATHS = NO;
				ARCHS = "$(ARCHS_STANDARD_32_BIT)";
				CLANG_ENABLE_OBJC_ARC = YES;
				"CODE_SIGN_IDENTITY[sdk=iphoneos*]" = "iPhone Developer";
				COPY_PHASE_STRIP = NO;
				GCC_C_LANGUAGE_STANDARD = gnu99;
				GCC_DYNAMIC_NO_PIC = NO;
				GCC_OPTIMIZATION_LEVEL = 0;
				GCC_PREPROCESSOR_DEFINITIONS = (
					"DEBUG=1",
					"$(inherited)",
				);
				GCC_SYMBOLS_PRIVATE_EXTERN = NO;
				GCC_VERSION = com.apple.compilers.llvm.clang.1_0;
				GCC_WARN_ABOUT_MISSING_PROTOTYPES = YES;
				GCC_WARN_ABOUT_RETURN_TYPE = YES;
				GCC_WARN_UNUSED_VARIABLE = YES;
				IPHONEOS_DEPLOYMENT_TARGET = 5.0;
				SDKROOT = iphoneos;
			};
			name = Debug;
		};
		8182EF4A14FB1EE600D709C3 /* Release */ = {
			isa = XCBuildConfiguration;
			buildSettings = {
				ALWAYS_SEARCH_USER_PATHS = NO;
				ARCHS = "$(ARCHS_STANDARD_32_BIT)";
				CLANG_ENABLE_OBJC_ARC = YES;
				"CODE_SIGN_IDENTITY[sdk=iphoneos*]" = "iPhone Developer";
				COPY_PHASE_STRIP = YES;
				GCC_C_LANGUAGE_STANDARD = gnu99;
				GCC_VERSION = com.apple.compilers.llvm.clang.1_0;
				GCC_WARN_ABOUT_MISSING_PROTOTYPES = YES;
				GCC_WARN_ABOUT_RETURN_TYPE = YES;
				GCC_WARN_UNUSED_VARIABLE = YES;
				IPHONEOS_DEPLOYMENT_TARGET = 5.0;
				OTHER_CFLAGS = "-DNS_BLOCK_ASSERTIONS=1";
				SDKROOT = iphoneos;
				VALIDATE_PRODUCT = YES;
			};
			name = Release;
		};
		8182EF4C14FB1EE600D709C3 /* Debug */ = {
			isa = XCBuildConfiguration;
			buildSettings = {
				GCC_PRECOMPILE_PREFIX_HEADER = YES;
				GCC_PREFIX_HEADER = "CamShift/CamShift-Prefix.pch";
				INFOPLIST_FILE = "CamShift/CamShift-Info.plist";
				PRODUCT_NAME = "$(TARGET_NAME)";
				WRAPPER_EXTENSION = app;
			};
			name = Debug;
		};
		8182EF4D14FB1EE600D709C3 /* Release */ = {
			isa = XCBuildConfiguration;
			buildSettings = {
				GCC_PRECOMPILE_PREFIX_HEADER = YES;
				GCC_PREFIX_HEADER = "CamShift/CamShift-Prefix.pch";
				INFOPLIST_FILE = "CamShift/CamShift-Info.plist";
				PRODUCT_NAME = "$(TARGET_NAME)";
				WRAPPER_EXTENSION = app;
			};
			name = Release;
		};
/* End XCBuildConfiguration section */

/* Begin XCConfigurationList section */
		8182EF2714FB1EE600D709C3 /* Build configuration list for PBXProject "CamShift" */ = {
			isa = XCConfigurationList;
			buildConfigurations = (
				8182EF4914FB1EE600D709C3 /* Debug */,
				8182EF4A14FB1EE600D709C3 /* Release */,
			);
			defaultConfigurationIsVisible = 0;
			defaultConfigurationName = Release;
		};
		8182EF4B14FB1EE600D709C3 /* Build configuration list for PBXNativeTarget "CamShift" */ = {
			isa = XCConfigurationList;
			buildConfigurations = (
				8182EF4C14FB1EE600D709C3 /* Debug */,
				8182EF4D14FB1EE600D709C3 /* Release */,
			);
			defaultConfigurationIsVisible = 0;
		};
/* End XCConfigurationList section */
	};
	rootObject = 8182EF2414FB1EE600D709C3 /* Project object */;
}
